
Microsoft Visual Studio Solution File, Format Version 12.00
# Visual Studio Version 17
VisualStudioVersion = 17.13.35825.156 d17.13
MinimumVisualStudioVersion = 10.0.40219.1
Project("{FAE04EC0-301F-11D3-BF4B-00C04F79EFBC}") = "MatchImporter", "MatchImporter.csproj", "{842EBFE3-276B-4369-8119-76E05BC71429}"
EndProject
Global
	GlobalSection(SolutionConfigurationPlatforms) = preSolution
		Debug|Any CPU = Debug|Any CPU
		Release|Any CPU = Release|Any CPU
	EndGlobalSection
	GlobalSection(ProjectConfigurationPlatforms) = postSolution
		{842EBFE3-276B-4369-8119-76E05BC71429}.Debug|Any CPU.ActiveCfg = Debug|Any CPU
		{842EBFE3-276B-4369-8119-76E05BC71429}.Debug|Any CPU.Build.0 = Debug|Any CPU
		{842EBFE3-276B-4369-8119-76E05BC71429}.Release|Any CPU.ActiveCfg = Release|Any CPU
		{842EBFE3-276B-4369-8119-76E05BC71429}.Release|Any CPU.Build.0 = Release|Any CPU
	EndGlobalSection
	GlobalSection(SolutionProperties) = preSolution
		HideSolutionNode = FALSE
	EndGlobalSection
	GlobalSection(ExtensibilityGlobals) = postSolution
		SolutionGuid = {B2A0CB46-A131-4DBA-BA5F-F22CC45FC794}
	EndGlobalSection
EndGlobal
